
Microsoft Visual Studio Solution File, Format Version 12.00
# Visual Studio Version 17
VisualStudioVersion = 17.13.35931.197 d17.13
MinimumVisualStudioVersion = 10.0.40219.1
Project("{FAE04EC0-301F-11D3-BF4B-00C04F79EFBC}") = "IntelliSoftAPIV2", "IntelliSoftAPIV2.csproj", "{36E3239C-84F1-4310-941E-C2CFCF2E1595}"
EndProject
Global
	GlobalSection(SolutionConfigurationPlatforms) = preSolution
		Debug|Any CPU = Debug|Any CPU
		Release|Any CPU = Release|Any CPU
	EndGlobalSection
	GlobalSection(ProjectConfigurationPlatforms) = postSolution
		{36E3239C-84F1-4310-941E-C2CFCF2E1595}.Debug|Any CPU.ActiveCfg = Debug|Any CPU
		{36E3239C-84F1-4310-941E-C2CFCF2E1595}.Debug|Any CPU.Build.0 = Debug|Any CPU
		{36E3239C-84F1-4310-941E-C2CFCF2E1595}.Release|Any CPU.ActiveCfg = Release|Any CPU
		{36E3239C-84F1-4310-941E-C2CFCF2E1595}.Release|Any CPU.Build.0 = Release|Any CPU
	EndGlobalSection
	GlobalSection(SolutionProperties) = preSolution
		HideSolutionNode = FALSE
	EndGlobalSection
	GlobalSection(ExtensibilityGlobals) = postSolution
		SolutionGuid = {BBB72C0B-C362-4675-A827-18989740A5E7}
	EndGlobalSection
EndGlobal
